
Microsoft Visual Studio Solution File, Format Version 12.00
# Visual Studio Version 17
VisualStudioVersion = 17.14.36414.22 d17.14
MinimumVisualStudioVersion = 10.0.40219.1
Project("{FAE04EC0-301F-11D3-BF4B-00C04F79EFBC}") = "Assignment1_OnlineShop", "Assignment1_OnlineShop\Assignment1_OnlineShop.csproj", "{DAACA544-F109-440A-85E3-1A25FE4FA49A}"
EndProject
Global
	GlobalSection(SolutionConfigurationPlatforms) = preSolution
		Debug|Any CPU = Debug|Any CPU
		Release|Any CPU = Release|Any CPU
	EndGlobalSection
	GlobalSection(ProjectConfigurationPlatforms) = postSolution
		{DAACA544-F109-440A-85E3-1A25FE4FA49A}.Debug|Any CPU.ActiveCfg = Debug|Any CPU
		{DAACA544-F109-440A-85E3-1A25FE4FA49A}.Debug|Any CPU.Build.0 = Debug|Any CPU
		{DAACA544-F109-440A-85E3-1A25FE4FA49A}.Release|Any CPU.ActiveCfg = Release|Any CPU
		{DAACA544-F109-440A-85E3-1A25FE4FA49A}.Release|Any CPU.Build.0 = Release|Any CPU
	EndGlobalSection
	GlobalSection(SolutionProperties) = preSolution
		HideSolutionNode = FALSE
	EndGlobalSection
	GlobalSection(ExtensibilityGlobals) = postSolution
		SolutionGuid = {DEBCBD1C-F8C4-403A-94BA-50C62F9B1FA0}
	EndGlobalSection
EndGlobal
